// !$*UTF8*$!
{
	archiveVersion = 1;
	classes = {
	};
	objectVersion = 56;
	objects = {

/* Begin PBXBuildFile section */
		522D40C12A4B45FF0019909C /* SwiftUITableViewExampleApp.swift in Sources */ = {isa = PBXBuildFile; fileRef = 522D40C02A4B45FF0019909C /* SwiftUITableViewExampleApp.swift */; };
		522D40C52A4B46000019909C /* Assets.xcassets in Resources */ = {isa = PBXBuildFile; fileRef = 522D40C42A4B46000019909C /* Assets.xcassets */; };
		522D40C82A4B46000019909C /* Preview Assets.xcassets in Resources */ = {isa = PBXBuildFile; fileRef = 522D40C72A4B46000019909C /* Preview Assets.xcassets */; };
		5250B4CD2A73B33A00696314 /* PreparedData.swift in Sources */ = {isa = PBXBuildFile; fileRef = 5250B4CC2A73B33A00696314 /* PreparedData.swift */; };
		5258EE3E2A69962F00BA1B39 /* Store.swift in Sources */ = {isa = PBXBuildFile; fileRef = 5258EE3D2A69962F00BA1B39 /* Store.swift */; };
		5258EE402A69965700BA1B39 /* Observer.swift in Sources */ = {isa = PBXBuildFile; fileRef = 5258EE3F2A69965700BA1B39 /* Observer.swift */; };
		5258EE422A69A3BD00BA1B39 /* AppState.swift in Sources */ = {isa = PBXBuildFile; fileRef = 5258EE412A69A3BD00BA1B39 /* AppState.swift */; };
		5258EE442A69A3EA00BA1B39 /* AppAction.swift in Sources */ = {isa = PBXBuildFile; fileRef = 5258EE432A69A3EA00BA1B39 /* AppAction.swift */; };
		5258EE462A69A40700BA1B39 /* AppReducer.swift in Sources */ = {isa = PBXBuildFile; fileRef = 5258EE452A69A40700BA1B39 /* AppReducer.swift */; };
		5258EE492A69A51800BA1B39 /* ConversationState.swift in Sources */ = {isa = PBXBuildFile; fileRef = 5258EE482A69A51800BA1B39 /* ConversationState.swift */; };
		5258EE4B2A69A57D00BA1B39 /* ConversationAction.swift in Sources */ = {isa = PBXBuildFile; fileRef = 5258EE4A2A69A57D00BA1B39 /* ConversationAction.swift */; };
		5258EE4D2A69A5AF00BA1B39 /* ConversationReducer.swift in Sources */ = {isa = PBXBuildFile; fileRef = 5258EE4C2A69A5AF00BA1B39 /* ConversationReducer.swift */; };
		5258EE502A69A69100BA1B39 /* Connector.swift in Sources */ = {isa = PBXBuildFile; fileRef = 5258EE4F2A69A69100BA1B39 /* Connector.swift */; };
		5258EE532A69A6E200BA1B39 /* ConversationScreen.swift in Sources */ = {isa = PBXBuildFile; fileRef = 5258EE522A69A6E200BA1B39 /* ConversationScreen.swift */; };
		5258EE562A69AC1F00BA1B39 /* KeyboardResponder.swift in Sources */ = {isa = PBXBuildFile; fileRef = 5258EE552A69AC1F00BA1B39 /* KeyboardResponder.swift */; };
		5258EE592A69AC6D00BA1B39 /* UIApplication+Extensions.swift in Sources */ = {isa = PBXBuildFile; fileRef = 5258EE582A69AC6D00BA1B39 /* UIApplication+Extensions.swift */; };
		527F026A2A8E6C9F00A6BE06 /* ThirdConversationScreen.swift in Sources */ = {isa = PBXBuildFile; fileRef = 527F02692A8E6C9F00A6BE06 /* ThirdConversationScreen.swift */; };
		52CB5EA62A77FEE4008487D4 /* SecondConversationScreen.swift in Sources */ = {isa = PBXBuildFile; fileRef = 52CB5EA52A77FEE4008487D4 /* SecondConversationScreen.swift */; };
		52CB5EA82A780219008487D4 /* MessageCellView.swift in Sources */ = {isa = PBXBuildFile; fileRef = 52CB5EA72A780219008487D4 /* MessageCellView.swift */; };
		52CB5EAA2A78027D008487D4 /* Color+Extensions.swift in Sources */ = {isa = PBXBuildFile; fileRef = 52CB5EA92A78027D008487D4 /* Color+Extensions.swift */; };
		52D109B62A82A707007531E3 /* ConversationTableViewController.swift in Sources */ = {isa = PBXBuildFile; fileRef = 52D109B52A82A707007531E3 /* ConversationTableViewController.swift */; };
		52D109B82A82A7BF007531E3 /* ConversationMessageContainer.swift in Sources */ = {isa = PBXBuildFile; fileRef = 52D109B72A82A7BF007531E3 /* ConversationMessageContainer.swift */; };
		52D109BA2A82AB32007531E3 /* ConversationHostingCell.swift in Sources */ = {isa = PBXBuildFile; fileRef = 52D109B92A82AB32007531E3 /* ConversationHostingCell.swift */; };
		52D109BC2A82B72B007531E3 /* MessageTextView.swift in Sources */ = {isa = PBXBuildFile; fileRef = 52D109BB2A82B72B007531E3 /* MessageTextView.swift */; };
		52D109BE2A82B7A8007531E3 /* MessageContentView.swift in Sources */ = {isa = PBXBuildFile; fileRef = 52D109BD2A82B7A8007531E3 /* MessageContentView.swift */; };
		52D109C02A83A413007531E3 /* View+Extensions.swift in Sources */ = {isa = PBXBuildFile; fileRef = 52D109BF2A83A413007531E3 /* View+Extensions.swift */; };
		52D109C22A83B4BC007531E3 /* UIKitConversationScreen.swift in Sources */ = {isa = PBXBuildFile; fileRef = 52D109C12A83B4BC007531E3 /* UIKitConversationScreen.swift */; };
		52D109C42A83B73D007531E3 /* KeyboardInfo+Extensions.swift in Sources */ = {isa = PBXBuildFile; fileRef = 52D109C32A83B73D007531E3 /* KeyboardInfo+Extensions.swift */; };
		E7AA03DD2A89CA81008BBD6D /* UUID+Extensions.swift in Sources */ = {isa = PBXBuildFile; fileRef = E7AA03DC2A89CA81008BBD6D /* UUID+Extensions.swift */; };
/* End PBXBuildFile section */

/* Begin PBXFileReference section */
		522D40BD2A4B45FF0019909C /* SwiftUITableViewExample.app */ = {isa = PBXFileReference; explicitFileType = wrapper.application; includeInIndex = 0; path = SwiftUITableViewExample.app; sourceTree = BUILT_PRODUCTS_DIR; };
		522D40C02A4B45FF0019909C /* SwiftUITableViewExampleApp.swift */ = {isa = PBXFileReference; lastKnownFileType = sourcecode.swift; path = SwiftUITableViewExampleApp.swift; sourceTree = "<group>"; };
		522D40C42A4B46000019909C /* Assets.xcassets */ = {isa = PBXFileReference; lastKnownFileType = folder.assetcatalog; path = Assets.xcassets; sourceTree = "<group>"; };
		522D40C72A4B46000019909C /* Preview Assets.xcassets */ = {isa = PBXFileReference; lastKnownFileType = folder.assetcatalog; path = "Preview Assets.xcassets"; sourceTree = "<group>"; };
		5250B4CC2A73B33A00696314 /* PreparedData.swift */ = {isa = PBXFileReference; lastKnownFileType = sourcecode.swift; path = PreparedData.swift; sourceTree = "<group>"; };
		5258EE3D2A69962F00BA1B39 /* Store.swift */ = {isa = PBXFileReference; lastKnownFileType = sourcecode.swift; path = Store.swift; sourceTree = "<group>"; };
		5258EE3F2A69965700BA1B39 /* Observer.swift */ = {isa = PBXFileReference; lastKnownFileType = sourcecode.swift; path = Observer.swift; sourceTree = "<group>"; };
		5258EE412A69A3BD00BA1B39 /* AppState.swift */ = {isa = PBXFileReference; lastKnownFileType = sourcecode.swift; path = AppState.swift; sourceTree = "<group>"; };
		5258EE432A69A3EA00BA1B39 /* AppAction.swift */ = {isa = PBXFileReference; lastKnownFileType = sourcecode.swift; path = AppAction.swift; sourceTree = "<group>"; };
		5258EE452A69A40700BA1B39 /* AppReducer.swift */ = {isa = PBXFileReference; lastKnownFileType = sourcecode.swift; path = AppReducer.swift; sourceTree = "<group>"; };
		5258EE482A69A51800BA1B39 /* ConversationState.swift */ = {isa = PBXFileReference; lastKnownFileType = sourcecode.swift; path = ConversationState.swift; sourceTree = "<group>"; };
		5258EE4A2A69A57D00BA1B39 /* ConversationAction.swift */ = {isa = PBXFileReference; lastKnownFileType = sourcecode.swift; path = ConversationAction.swift; sourceTree = "<group>"; };
		5258EE4C2A69A5AF00BA1B39 /* ConversationReducer.swift */ = {isa = PBXFileReference; lastKnownFileType = sourcecode.swift; path = ConversationReducer.swift; sourceTree = "<group>"; };
		5258EE4F2A69A69100BA1B39 /* Connector.swift */ = {isa = PBXFileReference; lastKnownFileType = sourcecode.swift; path = Connector.swift; sourceTree = "<group>"; };
		5258EE522A69A6E200BA1B39 /* ConversationScreen.swift */ = {isa = PBXFileReference; lastKnownFileType = sourcecode.swift; path = ConversationScreen.swift; sourceTree = "<group>"; };
		5258EE542A69A7DF00BA1B39 /* Info.plist */ = {isa = PBXFileReference; lastKnownFileType = text.plist; path = Info.plist; sourceTree = "<group>"; };
		5258EE552A69AC1F00BA1B39 /* KeyboardResponder.swift */ = {isa = PBXFileReference; lastKnownFileType = sourcecode.swift; path = KeyboardResponder.swift; sourceTree = "<group>"; };
		5258EE582A69AC6D00BA1B39 /* UIApplication+Extensions.swift */ = {isa = PBXFileReference; lastKnownFileType = sourcecode.swift; path = "UIApplication+Extensions.swift"; sourceTree = "<group>"; };
		527F02692A8E6C9F00A6BE06 /* ThirdConversationScreen.swift */ = {isa = PBXFileReference; lastKnownFileType = sourcecode.swift; path = ThirdConversationScreen.swift; sourceTree = "<group>"; };
		52CB5EA52A77FEE4008487D4 /* SecondConversationScreen.swift */ = {isa = PBXFileReference; lastKnownFileType = sourcecode.swift; path = SecondConversationScreen.swift; sourceTree = "<group>"; };
		52CB5EA72A780219008487D4 /* MessageCellView.swift */ = {isa = PBXFileReference; lastKnownFileType = sourcecode.swift; path = MessageCellView.swift; sourceTree = "<group>"; };
		52CB5EA92A78027D008487D4 /* Color+Extensions.swift */ = {isa = PBXFileReference; lastKnownFileType = sourcecode.swift; path = "Color+Extensions.swift"; sourceTree = "<group>"; };
		52D109B52A82A707007531E3 /* ConversationTableViewController.swift */ = {isa = PBXFileReference; lastKnownFileType = sourcecode.swift; path = ConversationTableViewController.swift; sourceTree = "<group>"; };
		52D109B72A82A7BF007531E3 /* ConversationMessageContainer.swift */ = {isa = PBXFileReference; lastKnownFileType = sourcecode.swift; path = ConversationMessageContainer.swift; sourceTree = "<group>"; };
		52D109B92A82AB32007531E3 /* ConversationHostingCell.swift */ = {isa = PBXFileReference; lastKnownFileType = sourcecode.swift; path = ConversationHostingCell.swift; sourceTree = "<group>"; };
		52D109BB2A82B72B007531E3 /* MessageTextView.swift */ = {isa = PBXFileReference; lastKnownFileType = sourcecode.swift; path = MessageTextView.swift; sourceTree = "<group>"; };
		52D109BD2A82B7A8007531E3 /* MessageContentView.swift */ = {isa = PBXFileReference; lastKnownFileType = sourcecode.swift; path = MessageContentView.swift; sourceTree = "<group>"; };
		52D109BF2A83A413007531E3 /* View+Extensions.swift */ = {isa = PBXFileReference; lastKnownFileType = sourcecode.swift; path = "View+Extensions.swift"; sourceTree = "<group>"; };
		52D109C12A83B4BC007531E3 /* UIKitConversationScreen.swift */ = {isa = PBXFileReference; lastKnownFileType = sourcecode.swift; path = UIKitConversationScreen.swift; sourceTree = "<group>"; };
		52D109C32A83B73D007531E3 /* KeyboardInfo+Extensions.swift */ = {isa = PBXFileReference; lastKnownFileType = sourcecode.swift; path = "KeyboardInfo+Extensions.swift"; sourceTree = "<group>"; };
		E7AA03DC2A89CA81008BBD6D /* UUID+Extensions.swift */ = {isa = PBXFileReference; lastKnownFileType = sourcecode.swift; path = "UUID+Extensions.swift"; sourceTree = "<group>"; };
/* End PBXFileReference section */

/* Begin PBXFrameworksBuildPhase section */
		522D40BA2A4B45FF0019909C /* Frameworks */ = {
			isa = PBXFrameworksBuildPhase;
			buildActionMask = 2147483647;
			files = (
			);
			runOnlyForDeploymentPostprocessing = 0;
		};
/* End PBXFrameworksBuildPhase section */

/* Begin PBXGroup section */
		522D40B42A4B45FF0019909C = {
			isa = PBXGroup;
			children = (
				522D40BF2A4B45FF0019909C /* SwiftUITableViewExample */,
				522D40BE2A4B45FF0019909C /* Products */,
			);
			sourceTree = "<group>";
		};
		522D40BE2A4B45FF0019909C /* Products */ = {
			isa = PBXGroup;
			children = (
				522D40BD2A4B45FF0019909C /* SwiftUITableViewExample.app */,
			);
			name = Products;
			sourceTree = "<group>";
		};
		522D40BF2A4B45FF0019909C /* SwiftUITableViewExample */ = {
			isa = PBXGroup;
			children = (
				5258EE512A69A6CD00BA1B39 /* Views */,
				5258EE572A69AC5C00BA1B39 /* Extensions */,
				5258EE4E2A69A68500BA1B39 /* Utility */,
				522D40C02A4B45FF0019909C /* SwiftUITableViewExampleApp.swift */,
				522D40C42A4B46000019909C /* Assets.xcassets */,
				5258EE542A69A7DF00BA1B39 /* Info.plist */,
				5258EE3C2A69961A00BA1B39 /* Redux */,
				522D40C62A4B46000019909C /* Preview Content */,
			);
			path = SwiftUITableViewExample;
			sourceTree = "<group>";
		};
		522D40C62A4B46000019909C /* Preview Content */ = {
			isa = PBXGroup;
			children = (
				522D40C72A4B46000019909C /* Preview Assets.xcassets */,
				5250B4CC2A73B33A00696314 /* PreparedData.swift */,
			);
			path = "Preview Content";
			sourceTree = "<group>";
		};
		5258EE3C2A69961A00BA1B39 /* Redux */ = {
			isa = PBXGroup;
			children = (
				5258EE472A69A50B00BA1B39 /* Conversation */,
				5258EE3D2A69962F00BA1B39 /* Store.swift */,
				5258EE412A69A3BD00BA1B39 /* AppState.swift */,
				5258EE432A69A3EA00BA1B39 /* AppAction.swift */,
				5258EE452A69A40700BA1B39 /* AppReducer.swift */,
				5258EE3F2A69965700BA1B39 /* Observer.swift */,
			);
			path = Redux;
			sourceTree = "<group>";
		};
		5258EE472A69A50B00BA1B39 /* Conversation */ = {
			isa = PBXGroup;
			children = (
				5258EE482A69A51800BA1B39 /* ConversationState.swift */,
				5258EE4A2A69A57D00BA1B39 /* ConversationAction.swift */,
				5258EE4C2A69A5AF00BA1B39 /* ConversationReducer.swift */,
			);
			path = Conversation;
			sourceTree = "<group>";
		};
		5258EE4E2A69A68500BA1B39 /* Utility */ = {
			isa = PBXGroup;
			children = (
				5258EE4F2A69A69100BA1B39 /* Connector.swift */,
				5258EE552A69AC1F00BA1B39 /* KeyboardResponder.swift */,
			);
			path = Utility;
			sourceTree = "<group>";
		};
		5258EE512A69A6CD00BA1B39 /* Views */ = {
			isa = PBXGroup;
			children = (
				5258EE522A69A6E200BA1B39 /* ConversationScreen.swift */,
				52CB5EA52A77FEE4008487D4 /* SecondConversationScreen.swift */,
				527F02692A8E6C9F00A6BE06 /* ThirdConversationScreen.swift */,
				52CB5EA72A780219008487D4 /* MessageCellView.swift */,
				52D109B42A82A6E2007531E3 /* UIKit */,
			);
			path = Views;
			sourceTree = "<group>";
		};
		5258EE572A69AC5C00BA1B39 /* Extensions */ = {
			isa = PBXGroup;
			children = (
				5258EE582A69AC6D00BA1B39 /* UIApplication+Extensions.swift */,
				52CB5EA92A78027D008487D4 /* Color+Extensions.swift */,
				52D109BF2A83A413007531E3 /* View+Extensions.swift */,
				52D109C32A83B73D007531E3 /* KeyboardInfo+Extensions.swift */,
				E7AA03DC2A89CA81008BBD6D /* UUID+Extensions.swift */,
			);
			path = Extensions;
			sourceTree = "<group>";
		};
		52D109B42A82A6E2007531E3 /* UIKit */ = {
			isa = PBXGroup;
			children = (
				52D109C12A83B4BC007531E3 /* UIKitConversationScreen.swift */,
				52D109B52A82A707007531E3 /* ConversationTableViewController.swift */,
				52D109B92A82AB32007531E3 /* ConversationHostingCell.swift */,
				52D109B72A82A7BF007531E3 /* ConversationMessageContainer.swift */,
				52D109BB2A82B72B007531E3 /* MessageTextView.swift */,
				52D109BD2A82B7A8007531E3 /* MessageContentView.swift */,
			);
			path = UIKit;
			sourceTree = "<group>";
		};
/* End PBXGroup section */

/* Begin PBXNativeTarget section */
		522D40BC2A4B45FF0019909C /* SwiftUITableViewExample */ = {
			isa = PBXNativeTarget;
			buildConfigurationList = 522D40CB2A4B46000019909C /* Build configuration list for PBXNativeTarget "SwiftUITableViewExample" */;
			buildPhases = (
				522D40B92A4B45FF0019909C /* Sources */,
				522D40BA2A4B45FF0019909C /* Frameworks */,
				522D40BB2A4B45FF0019909C /* Resources */,
			);
			buildRules = (
			);
			dependencies = (
			);
			name = SwiftUITableViewExample;
			packageProductDependencies = (
			);
			productName = SwiftUITableViewExample;
			productReference = 522D40BD2A4B45FF0019909C /* SwiftUITableViewExample.app */;
			productType = "com.apple.product-type.application";
		};
/* End PBXNativeTarget section */

/* Begin PBXProject section */
		522D40B52A4B45FF0019909C /* Project object */ = {
			isa = PBXProject;
			attributes = {
				BuildIndependentTargetsInParallel = 1;
				LastSwiftUpdateCheck = 1420;
				LastUpgradeCheck = 1420;
				TargetAttributes = {
					522D40BC2A4B45FF0019909C = {
						CreatedOnToolsVersion = 14.2;
					};
				};
			};
			buildConfigurationList = 522D40B82A4B45FF0019909C /* Build configuration list for PBXProject "SwiftUITableViewExample" */;
			compatibilityVersion = "Xcode 14.0";
			developmentRegion = en;
			hasScannedForEncodings = 0;
			knownRegions = (
				en,
				Base,
			);
			mainGroup = 522D40B42A4B45FF0019909C;
			packageReferences = (
			);
			productRefGroup = 522D40BE2A4B45FF0019909C /* Products */;
			projectDirPath = "";
			projectRoot = "";
			targets = (
				522D40BC2A4B45FF0019909C /* SwiftUITableViewExample */,
			);
		};
/* End PBXProject section */

/* Begin PBXResourcesBuildPhase section */
		522D40BB2A4B45FF0019909C /* Resources */ = {
			isa = PBXResourcesBuildPhase;
			buildActionMask = 2147483647;
			files = (
				522D40C82A4B46000019909C /* Preview Assets.xcassets in Resources */,
				522D40C52A4B46000019909C /* Assets.xcassets in Resources */,
			);
			runOnlyForDeploymentPostprocessing = 0;
		};
/* End PBXResourcesBuildPhase section */

/* Begin PBXSourcesBuildPhase section */
		522D40B92A4B45FF0019909C /* Sources */ = {
			isa = PBXSourcesBuildPhase;
			buildActionMask = 2147483647;
			files = (
				52CB5EA82A780219008487D4 /* MessageCellView.swift in Sources */,
				5258EE442A69A3EA00BA1B39 /* AppAction.swift in Sources */,
				52D109BE2A82B7A8007531E3 /* MessageContentView.swift in Sources */,
				5258EE502A69A69100BA1B39 /* Connector.swift in Sources */,
				5258EE402A69965700BA1B39 /* Observer.swift in Sources */,
				5258EE4D2A69A5AF00BA1B39 /* ConversationReducer.swift in Sources */,
				5250B4CD2A73B33A00696314 /* PreparedData.swift in Sources */,
				5258EE422A69A3BD00BA1B39 /* AppState.swift in Sources */,
				52D109C02A83A413007531E3 /* View+Extensions.swift in Sources */,
				522D40C12A4B45FF0019909C /* SwiftUITableViewExampleApp.swift in Sources */,
				52D109B62A82A707007531E3 /* ConversationTableViewController.swift in Sources */,
				5258EE4B2A69A57D00BA1B39 /* ConversationAction.swift in Sources */,
				52D109BC2A82B72B007531E3 /* MessageTextView.swift in Sources */,
				5258EE462A69A40700BA1B39 /* AppReducer.swift in Sources */,
				52CB5EA62A77FEE4008487D4 /* SecondConversationScreen.swift in Sources */,
				5258EE592A69AC6D00BA1B39 /* UIApplication+Extensions.swift in Sources */,
				E7AA03DD2A89CA81008BBD6D /* UUID+Extensions.swift in Sources */,
				5258EE492A69A51800BA1B39 /* ConversationState.swift in Sources */,
				52D109C22A83B4BC007531E3 /* UIKitConversationScreen.swift in Sources */,
				52CB5EAA2A78027D008487D4 /* Color+Extensions.swift in Sources */,
				5258EE562A69AC1F00BA1B39 /* KeyboardResponder.swift in Sources */,
				52D109C42A83B73D007531E3 /* KeyboardInfo+Extensions.swift in Sources */,
				527F026A2A8E6C9F00A6BE06 /* ThirdConversationScreen.swift in Sources */,
				5258EE532A69A6E200BA1B39 /* ConversationScreen.swift in Sources */,
				5258EE3E2A69962F00BA1B39 /* Store.swift in Sources */,
				52D109B82A82A7BF007531E3 /* ConversationMessageContainer.swift in Sources */,
				52D109BA2A82AB32007531E3 /* ConversationHostingCell.swift in Sources */,
			);
			runOnlyForDeploymentPostprocessing = 0;
		};
/* End PBXSourcesBuildPhase section */

/* Begin XCBuildConfiguration section */
		522D40C92A4B46000019909C /* Debug */ = {
			isa = XCBuildConfiguration;
			buildSettings = {
				ALWAYS_SEARCH_USER_PATHS = NO;
				CLANG_ANALYZER_NONNULL = YES;
				CLANG_ANALYZER_NUMBER_OBJECT_CONVERSION = YES_AGGRESSIVE;
				CLANG_CXX_LANGUAGE_STANDARD = "gnu++20";
				CLANG_ENABLE_MODULES = YES;
				CLANG_ENABLE_OBJC_ARC = YES;
				CLANG_ENABLE_OBJC_WEAK = YES;
				CLANG_WARN_BLOCK_CAPTURE_AUTORELEASING = YES;
				CLANG_WARN_BOOL_CONVERSION = YES;
				CLANG_WARN_COMMA = YES;
				CLANG_WARN_CONSTANT_CONVERSION = YES;
				CLANG_WARN_DEPRECATED_OBJC_IMPLEMENTATIONS = YES;
				CLANG_WARN_DIRECT_OBJC_ISA_USAGE = YES_ERROR;
				CLANG_WARN_DOCUMENTATION_COMMENTS = YES;
				CLANG_WARN_EMPTY_BODY = YES;
				CLANG_WARN_ENUM_CONVERSION = YES;
				CLANG_WARN_INFINITE_RECURSION = YES;
				CLANG_WARN_INT_CONVERSION = YES;
				CLANG_WARN_NON_LITERAL_NULL_CONVERSION = YES;
				CLANG_WARN_OBJC_IMPLICIT_RETAIN_SELF = YES;
				CLANG_WARN_OBJC_LITERAL_CONVERSION = YES;
				CLANG_WARN_OBJC_ROOT_CLASS = YES_ERROR;
				CLANG_WARN_QUOTED_INCLUDE_IN_FRAMEWORK_HEADER = YES;
				CLANG_WARN_RANGE_LOOP_ANALYSIS = YES;
				CLANG_WARN_STRICT_PROTOTYPES = YES;
				CLANG_WARN_SUSPICIOUS_MOVE = YES;
				CLANG_WARN_UNGUARDED_AVAILABILITY = YES_AGGRESSIVE;
				CLANG_WARN_UNREACHABLE_CODE = YES;
				CLANG_WARN__DUPLICATE_METHOD_MATCH = YES;
				COPY_PHASE_STRIP = NO;
				DEBUG_INFORMATION_FORMAT = dwarf;
				ENABLE_STRICT_OBJC_MSGSEND = YES;
				ENABLE_TESTABILITY = YES;
				GCC_C_LANGUAGE_STANDARD = gnu11;
				GCC_DYNAMIC_NO_PIC = NO;
				GCC_NO_COMMON_BLOCKS = YES;
				GCC_OPTIMIZATION_LEVEL = 0;
				GCC_PREPROCESSOR_DEFINITIONS = (
					"DEBUG=1",
					"$(inherited)",
				);
				GCC_WARN_64_TO_32_BIT_CONVERSION = YES;
				GCC_WARN_ABOUT_RETURN_TYPE = YES_ERROR;
				GCC_WARN_UNDECLARED_SELECTOR = YES;
				GCC_WARN_UNINITIALIZED_AUTOS = YES_AGGRESSIVE;
				GCC_WARN_UNUSED_FUNCTION = YES;
				GCC_WARN_UNUSED_VARIABLE = YES;
				IPHONEOS_DEPLOYMENT_TARGET = 16.2;
				MTL_ENABLE_DEBUG_INFO = INCLUDE_SOURCE;
				MTL_FAST_MATH = YES;
				ONLY_ACTIVE_ARCH = YES;
				SDKROOT = iphoneos;
				SWIFT_ACTIVE_COMPILATION_CONDITIONS = DEBUG;
				SWIFT_OPTIMIZATION_LEVEL = "-Onone";
			};
			name = Debug;
		};
		522D40CA2A4B46000019909C /* Release */ = {
			isa = XCBuildConfiguration;
			buildSettings = {
				ALWAYS_SEARCH_USER_PATHS = NO;
				CLANG_ANALYZER_NONNULL = YES;
				CLANG_ANALYZER_NUMBER_OBJECT_CONVERSION = YES_AGGRESSIVE;
				CLANG_CXX_LANGUAGE_STANDARD = "gnu++20";
				CLANG_ENABLE_MODULES = YES;
				CLANG_ENABLE_OBJC_ARC = YES;
				CLANG_ENABLE_OBJC_WEAK = YES;
				CLANG_WARN_BLOCK_CAPTURE_AUTORELEASING = YES;
				CLANG_WARN_BOOL_CONVERSION = YES;
				CLANG_WARN_COMMA = YES;
				CLANG_WARN_CONSTANT_CONVERSION = YES;
				CLANG_WARN_DEPRECATED_OBJC_IMPLEMENTATIONS = YES;
				CLANG_WARN_DIRECT_OBJC_ISA_USAGE = YES_ERROR;
				CLANG_WARN_DOCUMENTATION_COMMENTS = YES;
				CLANG_WARN_EMPTY_BODY = YES;
				CLANG_WARN_ENUM_CONVERSION = YES;
				CLANG_WARN_INFINITE_RECURSION = YES;
				CLANG_WARN_INT_CONVERSION = YES;
				CLANG_WARN_NON_LITERAL_NULL_CONVERSION = YES;
				CLANG_WARN_OBJC_IMPLICIT_RETAIN_SELF = YES;
				CLANG_WARN_OBJC_LITERAL_CONVERSION = YES;
				CLANG_WARN_OBJC_ROOT_CLASS = YES_ERROR;
				CLANG_WARN_QUOTED_INCLUDE_IN_FRAMEWORK_HEADER = YES;
				CLANG_WARN_RANGE_LOOP_ANALYSIS = YES;
				CLANG_WARN_STRICT_PROTOTYPES = YES;
				CLANG_WARN_SUSPICIOUS_MOVE = YES;
				CLANG_WARN_UNGUARDED_AVAILABILITY = YES_AGGRESSIVE;
				CLANG_WARN_UNREACHABLE_CODE = YES;
				CLANG_WARN__DUPLICATE_METHOD_MATCH = YES;
				COPY_PHASE_STRIP = NO;
				DEBUG_INFORMATION_FORMAT = "dwarf-with-dsym";
				ENABLE_NS_ASSERTIONS = NO;
				ENABLE_STRICT_OBJC_MSGSEND = YES;
				GCC_C_LANGUAGE_STANDARD = gnu11;
				GCC_NO_COMMON_BLOCKS = YES;
				GCC_WARN_64_TO_32_BIT_CONVERSION = YES;
				GCC_WARN_ABOUT_RETURN_TYPE = YES_ERROR;
				GCC_WARN_UNDECLARED_SELECTOR = YES;
				GCC_WARN_UNINITIALIZED_AUTOS = YES_AGGRESSIVE;
				GCC_WARN_UNUSED_FUNCTION = YES;
				GCC_WARN_UNUSED_VARIABLE = YES;
				IPHONEOS_DEPLOYMENT_TARGET = 16.2;
				MTL_ENABLE_DEBUG_INFO = NO;
				MTL_FAST_MATH = YES;
				SDKROOT = iphoneos;
				SWIFT_COMPILATION_MODE = wholemodule;
				SWIFT_OPTIMIZATION_LEVEL = "-O";
				VALIDATE_PRODUCT = YES;
			};
			name = Release;
		};
		522D40CC2A4B46000019909C /* Debug */ = {
			isa = XCBuildConfiguration;
			buildSettings = {
				ASSETCATALOG_COMPILER_APPICON_NAME = AppIcon;
				ASSETCATALOG_COMPILER_GLOBAL_ACCENT_COLOR_NAME = AccentColor;
				CODE_SIGN_STYLE = Automatic;
				CURRENT_PROJECT_VERSION = 1;
				DEVELOPMENT_ASSET_PATHS = "\"SwiftUITableViewExample/Preview Content\"";
				DEVELOPMENT_TEAM = 3PTYV272Z4;
				ENABLE_PREVIEWS = YES;
				GENERATE_INFOPLIST_FILE = YES;
				INFOPLIST_FILE = SwiftUITableViewExample/Info.plist;
				INFOPLIST_KEY_UIApplicationSupportsIndirectInputEvents = YES;
				INFOPLIST_KEY_UILaunchScreen_Generation = YES;
				INFOPLIST_KEY_UISupportedInterfaceOrientations_iPad = "UIInterfaceOrientationPortrait UIInterfaceOrientationPortraitUpsideDown UIInterfaceOrientationLandscapeLeft UIInterfaceOrientationLandscapeRight";
				INFOPLIST_KEY_UISupportedInterfaceOrientations_iPhone = "UIInterfaceOrientationPortrait UIInterfaceOrientationLandscapeLeft UIInterfaceOrientationLandscapeRight";
				LD_RUNPATH_SEARCH_PATHS = (
					"$(inherited)",
					"@executable_path/Frameworks",
				);
				MARKETING_VERSION = 1.0;
				PRODUCT_BUNDLE_IDENTIFIER = com.kr.ssh.SwiftUITableViewExample;
				PRODUCT_NAME = "$(TARGET_NAME)";
				SWIFT_EMIT_LOC_STRINGS = YES;
				SWIFT_VERSION = 5.0;
				TARGETED_DEVICE_FAMILY = "1,2";
			};
			name = Debug;
		};
		522D40CD2A4B46000019909C /* Release */ = {
			isa = XCBuildConfiguration;
			buildSettings = {
				ASSETCATALOG_COMPILER_APPICON_NAME = AppIcon;
				ASSETCATALOG_COMPILER_GLOBAL_ACCENT_COLOR_NAME = AccentColor;
				CODE_SIGN_STYLE = Automatic;
				CURRENT_PROJECT_VERSION = 1;
				DEVELOPMENT_ASSET_PATHS = "\"SwiftUITableViewExample/Preview Content\"";
				DEVELOPMENT_TEAM = 3PTYV272Z4;
				ENABLE_PREVIEWS = YES;
				GENERATE_INFOPLIST_FILE = YES;
				INFOPLIST_FILE = SwiftUITableViewExample/Info.plist;
				INFOPLIST_KEY_UIApplicationSupportsIndirectInputEvents = YES;
				INFOPLIST_KEY_UILaunchScreen_Generation = YES;
				INFOPLIST_KEY_UISupportedInterfaceOrientations_iPad = "UIInterfaceOrientationPortrait UIInterfaceOrientationPortraitUpsideDown UIInterfaceOrientationLandscapeLeft UIInterfaceOrientationLandscapeRight";
				INFOPLIST_KEY_UISupportedInterfaceOrientations_iPhone = "UIInterfaceOrientationPortrait UIInterfaceOrientationLandscapeLeft UIInterfaceOrientationLandscapeRight";
				LD_RUNPATH_SEARCH_PATHS = (
					"$(inherited)",
					"@executable_path/Frameworks",
				);
				MARKETING_VERSION = 1.0;
				PRODUCT_BUNDLE_IDENTIFIER = com.kr.ssh.SwiftUITableViewExample;
				PRODUCT_NAME = "$(TARGET_NAME)";
				SWIFT_EMIT_LOC_STRINGS = YES;
				SWIFT_VERSION = 5.0;
				TARGETED_DEVICE_FAMILY = "1,2";
			};
			name = Release;
		};
/* End XCBuildConfiguration section */

/* Begin XCConfigurationList section */
		522D40B82A4B45FF0019909C /* Build configuration list for PBXProject "SwiftUITableViewExample" */ = {
			isa = XCConfigurationList;
			buildConfigurations = (
				522D40C92A4B46000019909C /* Debug */,
				522D40CA2A4B46000019909C /* Release */,
			);
			defaultConfigurationIsVisible = 0;
			defaultConfigurationName = Release;
		};
		522D40CB2A4B46000019909C /* Build configuration list for PBXNativeTarget "SwiftUITableViewExample" */ = {
			isa = XCConfigurationList;
			buildConfigurations = (
				522D40CC2A4B46000019909C /* Debug */,
				522D40CD2A4B46000019909C /* Release */,
			);
			defaultConfigurationIsVisible = 0;
			defaultConfigurationName = Release;
		};
/* End XCConfigurationList section */
	};
	rootObject = 522D40B52A4B45FF0019909C /* Project object */;
}
